
Microsoft Visual Studio Solution File, Format Version 12.00
# Visual Studio 14
VisualStudioVersion = 14.0.23107.0
MinimumVisualStudioVersion = 10.0.40219.1
Project("{2150E333-8FDC-42A3-9474-1A3956D46DE8}") = "TDD", "TDD", "{A651760D-445C-4AB2-80D8-3084D5BD15E3}"
EndProject
Project("{2150E333-8FDC-42A3-9474-1A3956D46DE8}") = "Refactoring", "Refactoring", "{01D61791-87A2-48C5-A222-A91EE8AF2A6D}"
EndProject
Project("{2150E333-8FDC-42A3-9474-1A3956D46DE8}") = "Args", "Args", "{26661F4E-A142-4C1F-B015-BC479CA00578}"
EndProject
Project("{FAE04EC0-301F-11D3-BF4B-00C04F79EFBC}") = "TDD.Args.Core", "TDD.Args.Core\TDD.Args.Core.csproj", "{D3390B7A-9EB0-4AD5-B6B4-E02C52B9DFFB}"
EndProject
Project("{FAE04EC0-301F-11D3-BF4B-00C04F79EFBC}") = "TDD.Args.Test", "TDD.Args.Test\TDD.Args.Test.csproj", "{9EAF11E2-FA02-4EAC-98A4-18ECDC4C7B79}"
EndProject
Project("{2150E333-8FDC-42A3-9474-1A3956D46DE8}") = "BowlingGame", "BowlingGame", "{4A398F47-1299-4297-8E0E-28DBA3F37AB3}"
EndProject
Project("{FAE04EC0-301F-11D3-BF4B-00C04F79EFBC}") = "TDD.BowlingGame.Core", "TDD.BowlingGame.Core\TDD.BowlingGame.Core.csproj", "{7A106CF3-D92D-43A3-93DB-C75AAAE2A7DA}"
EndProject
Project("{FAE04EC0-301F-11D3-BF4B-00C04F79EFBC}") = "TDD.BowlingGame.Test", "TDD.BowlingGame.Test\TDD.BowlingGame.Test.csproj", "{6A47D444-C9B9-4017-BC9A-0947C1C76DCF}"
EndProject
Project("{2150E333-8FDC-42A3-9474-1A3956D46DE8}") = "Diamond", "Diamond", "{FE6E2CDC-0DCD-4F87-9932-FABA69B2392E}"
EndProject
Project("{FAE04EC0-301F-11D3-BF4B-00C04F79EFBC}") = "TDD.Diamond.Core", "TDD.Diamond.Core\TDD.Diamond.Core.csproj", "{F3E62D00-4885-48B0-BF21-0CAFF872C74F}"
EndProject
Project("{FAE04EC0-301F-11D3-BF4B-00C04F79EFBC}") = "TDD.Diamond.Test", "TDD.Diamond.Test\TDD.Diamond.Test.csproj", "{3F57489E-6BD8-4125-A48E-877E06041156}"
EndProject
Project("{2150E333-8FDC-42A3-9474-1A3956D46DE8}") = "FooBarQix", "FooBarQix", "{6AAAC663-523D-46F4-8ED0-271468B4B2B0}"
EndProject
Project("{2150E333-8FDC-42A3-9474-1A3956D46DE8}") = "GameOfLife", "GameOfLife", "{2B03C134-D8BA-4EFA-BD70-B9508A6A57D0}"
EndProject
Project("{2150E333-8FDC-42A3-9474-1A3956D46DE8}") = "LeapYears", "LeapYears", "{CAE6A11A-3461-4D44-A80C-16F3CE3E78AC}"
EndProject
Project("{2150E333-8FDC-42A3-9474-1A3956D46DE8}") = "Minesweeper", "Minesweeper", "{BC84E1E8-F1E7-4246-8465-E57AEEC24094}"
EndProject
Project("{2150E333-8FDC-42A3-9474-1A3956D46DE8}") = "PrimeFactor", "PrimeFactor", "{F3B833A3-5896-402C-A8A0-BBDFD7CCDC32}"
EndProject
Project("{2150E333-8FDC-42A3-9474-1A3956D46DE8}") = "ReloadCountdown", "ReloadCountdown", "{42BA5F24-0135-4270-BCB4-766AC22DD98B}"
EndProject
Project("{2150E333-8FDC-42A3-9474-1A3956D46DE8}") = "RomanNumerals", "RomanNumerals", "{5A3AC8F4-B36B-42D0-A4E9-BBEA75DECAA8}"
EndProject
Project("{2150E333-8FDC-42A3-9474-1A3956D46DE8}") = "StringCalculator", "StringCalculator", "{918E6405-F9F7-44B7-88DF-694075A24C42}"
EndProject
Project("{2150E333-8FDC-42A3-9474-1A3956D46DE8}") = "TennisGame", "TennisGame", "{8779F032-E60D-4D67-99D9-54833073E1CE}"
EndProject
Project("{FAE04EC0-301F-11D3-BF4B-00C04F79EFBC}") = "TDD.FooBarQix.Core", "TDD.FooBarQix.Core\TDD.FooBarQix.Core.csproj", "{BCA02A5B-311E-428A-9FBE-E7AE400F7CD1}"
EndProject
Project("{FAE04EC0-301F-11D3-BF4B-00C04F79EFBC}") = "TDD.FooBarQix.Test", "TDD.FooBarQix.Test\TDD.FooBarQix.Test.csproj", "{AFBE4DB3-3587-40BC-899F-77117F2F9753}"
EndProject
Project("{FAE04EC0-301F-11D3-BF4B-00C04F79EFBC}") = "TDD.GameOfLife.Core", "TDD.GameOfLife.Core\TDD.GameOfLife.Core.csproj", "{267F0B27-D048-46AA-921B-FB4B69039650}"
EndProject
Project("{FAE04EC0-301F-11D3-BF4B-00C04F79EFBC}") = "TDD.GameOfLife.Test", "TDD.GameOfLife.Test\TDD.GameOfLife.Test.csproj", "{8A7D5116-16CB-46EE-B2AE-60D2152335D1}"
EndProject
Project("{FAE04EC0-301F-11D3-BF4B-00C04F79EFBC}") = "TDD.LeapYears.Core", "TDD.LeapYears.Core\TDD.LeapYears.Core.csproj", "{E1F14FB6-50B2-4AE9-8F83-F6261E3E27BC}"
EndProject
Project("{FAE04EC0-301F-11D3-BF4B-00C04F79EFBC}") = "TDD.LeapYears.Test", "TDD.LeapYears.Test\TDD.LeapYears.Test.csproj", "{50CBA4C7-ADD7-4782-8B24-8C502FEDFB82}"
EndProject
Project("{FAE04EC0-301F-11D3-BF4B-00C04F79EFBC}") = "TDD.Minesweeper.Core", "TDD.Minesweeper.Core\TDD.Minesweeper.Core.csproj", "{E195769F-1384-4A9A-B1FA-DF8B8A8425CE}"
EndProject
Project("{FAE04EC0-301F-11D3-BF4B-00C04F79EFBC}") = "TDD.Minesweeper.Test", "TDD.Minesweeper.Test\TDD.Minesweeper.Test.csproj", "{F3617228-38E9-431E-8629-65E9F7CE0610}"
EndProject
Project("{FAE04EC0-301F-11D3-BF4B-00C04F79EFBC}") = "TDD.PrimeFactor.Core", "TDD.PrimeFactor.Core\TDD.PrimeFactor.Core.csproj", "{0560A21D-E6AE-4C7C-B0E6-30E3322569EB}"
EndProject
Project("{FAE04EC0-301F-11D3-BF4B-00C04F79EFBC}") = "TDD.PrimeFactor.Test", "TDD.PrimeFactor.Test\TDD.PrimeFactor.Test.csproj", "{C07AF5D9-B9AA-4862-A264-FF69EE80686F}"
EndProject
Project("{FAE04EC0-301F-11D3-BF4B-00C04F79EFBC}") = "TDD.ReloadCountdown.Core", "TDD.ReloadCountdown.Core\TDD.ReloadCountdown.Core.csproj", "{BBEE5D4A-B692-4C89-9CC8-9F2B50BC8655}"
EndProject
Project("{FAE04EC0-301F-11D3-BF4B-00C04F79EFBC}") = "TDD.ReloadCountdown.Test", "TDD.ReloadCountdown.Test\TDD.ReloadCountdown.Test.csproj", "{1920CC03-135F-4C42-9050-5853AEA973A3}"
EndProject
Project("{FAE04EC0-301F-11D3-BF4B-00C04F79EFBC}") = "TDD.RomanNumerals.Core", "TDD.RomanNumerals.Core\TDD.RomanNumerals.Core.csproj", "{87291A92-B67B-4A8B-A722-2EDA01D30470}"
EndProject
Project("{FAE04EC0-301F-11D3-BF4B-00C04F79EFBC}") = "TDD.RomanNumerals.Test", "TDD.RomanNumerals.Test\TDD.RomanNumerals.Test.csproj", "{50E4F236-E93D-4AE8-93E8-8D648082F237}"
EndProject
Project("{FAE04EC0-301F-11D3-BF4B-00C04F79EFBC}") = "TDD.StringCalculator.Core", "TDD.StringCalculator.Core\TDD.StringCalculator.Core.csproj", "{B7371E5E-FCF1-4662-9AB2-F365F5A95952}"
EndProject
Project("{FAE04EC0-301F-11D3-BF4B-00C04F79EFBC}") = "TDD.StringCalculator.Test", "TDD.StringCalculator.Test\TDD.StringCalculator.Test.csproj", "{2A3C7929-22E9-43AD-A872-2B7CB306122A}"
EndProject
Project("{FAE04EC0-301F-11D3-BF4B-00C04F79EFBC}") = "TDD.TennisGame.Core", "TDD.TennisGame.Core\TDD.TennisGame.Core.csproj", "{51368E9E-25DA-47CD-83F5-75160C0453A6}"
EndProject
Project("{FAE04EC0-301F-11D3-BF4B-00C04F79EFBC}") = "TDD.TennisGame.Test", "TDD.TennisGame.Test\TDD.TennisGame.Test.csproj", "{D774EFC7-24ED-4DA9-BCDA-3D63213B86B0}"
EndProject
Project("{2150E333-8FDC-42A3-9474-1A3956D46DE8}") = "GildedRose", "GildedRose", "{21AEF0BC-2FBD-43E0-8B6F-882B76A56107}"
EndProject
Project("{2150E333-8FDC-42A3-9474-1A3956D46DE8}") = "MovieRental", "MovieRental", "{4E8508EB-B861-43B4-82D8-F6E86910683C}"
EndProject
Project("{2150E333-8FDC-42A3-9474-1A3956D46DE8}") = "Tennis", "Tennis", "{743E6C2F-1F52-436F-AE9C-8B6836838844}"
EndProject
Project("{2150E333-8FDC-42A3-9474-1A3956D46DE8}") = "TripService", "TripService", "{5538CEA5-2F6D-4536-9F6A-858A9CEA6495}"
EndProject
Project("{2150E333-8FDC-42A3-9474-1A3956D46DE8}") = "Trivia", "Trivia", "{FC163CFA-AF12-4635-83D1-53A6F4911114}"
EndProject
Project("{2150E333-8FDC-42A3-9474-1A3956D46DE8}") = "Yatzi", "Yatzi", "{156C82AC-B1DD-4E0B-993D-661782D0774F}"
EndProject
Project("{2150E333-8FDC-42A3-9474-1A3956D46DE8}") = "Solution Items", "Solution Items", "{D492A236-B737-4CC1-8A95-2D365F548BEC}"
	ProjectSection(SolutionItems) = preProject
		README.md = README.md
	EndProjectSection
EndProject
Project("{2150E333-8FDC-42A3-9474-1A3956D46DE8}") = "MiniPricer", "MiniPricer", "{7DE17FD6-DCA6-4B64-8716-676C8D97B108}"
EndProject
Project("{2150E333-8FDC-42A3-9474-1A3956D46DE8}") = "FizzBuzz", "FizzBuzz", "{BF38F6C0-0455-452C-81F5-70203EB538CE}"
EndProject
Project("{FAE04EC0-301F-11D3-BF4B-00C04F79EFBC}") = "TDD.FizzBuzz.Core", "TDD.FizzBuzz.Core\TDD.FizzBuzz.Core.csproj", "{077FFD8C-AD76-4E66-98CC-C08C9B3A3F16}"
EndProject
Project("{FAE04EC0-301F-11D3-BF4B-00C04F79EFBC}") = "TDD.FizzBuzz.Test", "TDD.FizzBuzz.Test\TDD.FizzBuzz.Test.csproj", "{0E27DF05-1B2B-45A6-A0E8-853130412FE5}"
EndProject
Project("{FAE04EC0-301F-11D3-BF4B-00C04F79EFBC}") = "TDD.MiniPricer.Core", "TDD.MiniPricer.Core\TDD.MiniPricer.Core.csproj", "{CB978C47-4DDF-4D9B-B25B-6F2898ABAA12}"
EndProject
Project("{FAE04EC0-301F-11D3-BF4B-00C04F79EFBC}") = "TDD.MiniPricer.Test", "TDD.MiniPricer.Test\TDD.MiniPricer.Test.csproj", "{619E2398-19B6-4260-AADC-4694E288AB9D}"
EndProject
Global
	GlobalSection(SolutionConfigurationPlatforms) = preSolution
		Debug|Any CPU = Debug|Any CPU
		Debug|x86 = Debug|x86
		Release|Any CPU = Release|Any CPU
		Release|x86 = Release|x86
	EndGlobalSection
	GlobalSection(ProjectConfigurationPlatforms) = postSolution
		{D3390B7A-9EB0-4AD5-B6B4-E02C52B9DFFB}.Debug|Any CPU.ActiveCfg = Debug|Any CPU
		{D3390B7A-9EB0-4AD5-B6B4-E02C52B9DFFB}.Debug|Any CPU.Build.0 = Debug|Any CPU
		{D3390B7A-9EB0-4AD5-B6B4-E02C52B9DFFB}.Debug|x86.ActiveCfg = Debug|x86
		{D3390B7A-9EB0-4AD5-B6B4-E02C52B9DFFB}.Debug|x86.Build.0 = Debug|x86
		{D3390B7A-9EB0-4AD5-B6B4-E02C52B9DFFB}.Release|Any CPU.ActiveCfg = Release|Any CPU
		{D3390B7A-9EB0-4AD5-B6B4-E02C52B9DFFB}.Release|Any CPU.Build.0 = Release|Any CPU
		{D3390B7A-9EB0-4AD5-B6B4-E02C52B9DFFB}.Release|x86.ActiveCfg = Release|x86
		{D3390B7A-9EB0-4AD5-B6B4-E02C52B9DFFB}.Release|x86.Build.0 = Release|x86
		{9EAF11E2-FA02-4EAC-98A4-18ECDC4C7B79}.Debug|Any CPU.ActiveCfg = Debug|Any CPU
		{9EAF11E2-FA02-4EAC-98A4-18ECDC4C7B79}.Debug|Any CPU.Build.0 = Debug|Any CPU
		{9EAF11E2-FA02-4EAC-98A4-18ECDC4C7B79}.Debug|x86.ActiveCfg = Debug|x86
		{9EAF11E2-FA02-4EAC-98A4-18ECDC4C7B79}.Debug|x86.Build.0 = Debug|x86
		{9EAF11E2-FA02-4EAC-98A4-18ECDC4C7B79}.Release|Any CPU.ActiveCfg = Release|Any CPU
		{9EAF11E2-FA02-4EAC-98A4-18ECDC4C7B79}.Release|Any CPU.Build.0 = Release|Any CPU
		{9EAF11E2-FA02-4EAC-98A4-18ECDC4C7B79}.Release|x86.ActiveCfg = Release|x86
		{9EAF11E2-FA02-4EAC-98A4-18ECDC4C7B79}.Release|x86.Build.0 = Release|x86
		{7A106CF3-D92D-43A3-93DB-C75AAAE2A7DA}.Debug|Any CPU.ActiveCfg = Debug|Any CPU
		{7A106CF3-D92D-43A3-93DB-C75AAAE2A7DA}.Debug|Any CPU.Build.0 = Debug|Any CPU
		{7A106CF3-D92D-43A3-93DB-C75AAAE2A7DA}.Debug|x86.ActiveCfg = Debug|x86
		{7A106CF3-D92D-43A3-93DB-C75AAAE2A7DA}.Debug|x86.Build.0 = Debug|x86
		{7A106CF3-D92D-43A3-93DB-C75AAAE2A7DA}.Release|Any CPU.ActiveCfg = Release|Any CPU
		{7A106CF3-D92D-43A3-93DB-C75AAAE2A7DA}.Release|Any CPU.Build.0 = Release|Any CPU
		{7A106CF3-D92D-43A3-93DB-C75AAAE2A7DA}.Release|x86.ActiveCfg = Release|x86
		{7A106CF3-D92D-43A3-93DB-C75AAAE2A7DA}.Release|x86.Build.0 = Release|x86
		{6A47D444-C9B9-4017-BC9A-0947C1C76DCF}.Debug|Any CPU.ActiveCfg = Debug|Any CPU
		{6A47D444-C9B9-4017-BC9A-0947C1C76DCF}.Debug|Any CPU.Build.0 = Debug|Any CPU
		{6A47D444-C9B9-4017-BC9A-0947C1C76DCF}.Debug|x86.ActiveCfg = Debug|x86
		{6A47D444-C9B9-4017-BC9A-0947C1C76DCF}.Debug|x86.Build.0 = Debug|x86
		{6A47D444-C9B9-4017-BC9A-0947C1C76DCF}.Release|Any CPU.ActiveCfg = Release|Any CPU
		{6A47D444-C9B9-4017-BC9A-0947C1C76DCF}.Release|Any CPU.Build.0 = Release|Any CPU
		{6A47D444-C9B9-4017-BC9A-0947C1C76DCF}.Release|x86.ActiveCfg = Release|x86
		{6A47D444-C9B9-4017-BC9A-0947C1C76DCF}.Release|x86.Build.0 = Release|x86
		{F3E62D00-4885-48B0-BF21-0CAFF872C74F}.Debug|Any CPU.ActiveCfg = Debug|Any CPU
		{F3E62D00-4885-48B0-BF21-0CAFF872C74F}.Debug|Any CPU.Build.0 = Debug|Any CPU
		{F3E62D00-4885-48B0-BF21-0CAFF872C74F}.Debug|x86.ActiveCfg = Debug|x86
		{F3E62D00-4885-48B0-BF21-0CAFF872C74F}.Debug|x86.Build.0 = Debug|x86
		{F3E62D00-4885-48B0-BF21-0CAFF872C74F}.Release|Any CPU.ActiveCfg = Release|Any CPU
		{F3E62D00-4885-48B0-BF21-0CAFF872C74F}.Release|Any CPU.Build.0 = Release|Any CPU
		{F3E62D00-4885-48B0-BF21-0CAFF872C74F}.Release|x86.ActiveCfg = Release|x86
		{F3E62D00-4885-48B0-BF21-0CAFF872C74F}.Release|x86.Build.0 = Release|x86
		{3F57489E-6BD8-4125-A48E-877E06041156}.Debug|Any CPU.ActiveCfg = Debug|Any CPU
		{3F57489E-6BD8-4125-A48E-877E06041156}.Debug|Any CPU.Build.0 = Debug|Any CPU
		{3F57489E-6BD8-4125-A48E-877E06041156}.Debug|x86.ActiveCfg = Debug|x86
		{3F57489E-6BD8-4125-A48E-877E06041156}.Debug|x86.Build.0 = Debug|x86
		{3F57489E-6BD8-4125-A48E-877E06041156}.Release|Any CPU.ActiveCfg = Release|Any CPU
		{3F57489E-6BD8-4125-A48E-877E06041156}.Release|Any CPU.Build.0 = Release|Any CPU
		{3F57489E-6BD8-4125-A48E-877E06041156}.Release|x86.ActiveCfg = Release|x86
		{3F57489E-6BD8-4125-A48E-877E06041156}.Release|x86.Build.0 = Release|x86
		{BCA02A5B-311E-428A-9FBE-E7AE400F7CD1}.Debug|Any CPU.ActiveCfg = Debug|Any CPU
		{BCA02A5B-311E-428A-9FBE-E7AE400F7CD1}.Debug|Any CPU.Build.0 = Debug|Any CPU
		{BCA02A5B-311E-428A-9FBE-E7AE400F7CD1}.Debug|x86.ActiveCfg = Debug|x86
		{BCA02A5B-311E-428A-9FBE-E7AE400F7CD1}.Debug|x86.Build.0 = Debug|x86
		{BCA02A5B-311E-428A-9FBE-E7AE400F7CD1}.Release|Any CPU.ActiveCfg = Release|Any CPU
		{BCA02A5B-311E-428A-9FBE-E7AE400F7CD1}.Release|Any CPU.Build.0 = Release|Any CPU
		{BCA02A5B-311E-428A-9FBE-E7AE400F7CD1}.Release|x86.ActiveCfg = Release|x86
		{BCA02A5B-311E-428A-9FBE-E7AE400F7CD1}.Release|x86.Build.0 = Release|x86
		{AFBE4DB3-3587-40BC-899F-77117F2F9753}.Debug|Any CPU.ActiveCfg = Debug|Any CPU
		{AFBE4DB3-3587-40BC-899F-77117F2F9753}.Debug|Any CPU.Build.0 = Debug|Any CPU
		{AFBE4DB3-3587-40BC-899F-77117F2F9753}.Debug|x86.ActiveCfg = Debug|x86
		{AFBE4DB3-3587-40BC-899F-77117F2F9753}.Debug|x86.Build.0 = Debug|x86
		{AFBE4DB3-3587-40BC-899F-77117F2F9753}.Release|Any CPU.ActiveCfg = Release|Any CPU
		{AFBE4DB3-3587-40BC-899F-77117F2F9753}.Release|Any CPU.Build.0 = Release|Any CPU
		{AFBE4DB3-3587-40BC-899F-77117F2F9753}.Release|x86.ActiveCfg = Release|x86
		{AFBE4DB3-3587-40BC-899F-77117F2F9753}.Release|x86.Build.0 = Release|x86
		{267F0B27-D048-46AA-921B-FB4B69039650}.Debug|Any CPU.ActiveCfg = Debug|Any CPU
		{267F0B27-D048-46AA-921B-FB4B69039650}.Debug|Any CPU.Build.0 = Debug|Any CPU
		{267F0B27-D048-46AA-921B-FB4B69039650}.Debug|x86.ActiveCfg = Debug|x86
		{267F0B27-D048-46AA-921B-FB4B69039650}.Debug|x86.Build.0 = Debug|x86
		{267F0B27-D048-46AA-921B-FB4B69039650}.Release|Any CPU.ActiveCfg = Release|Any CPU
		{267F0B27-D048-46AA-921B-FB4B69039650}.Release|Any CPU.Build.0 = Release|Any CPU
		{267F0B27-D048-46AA-921B-FB4B69039650}.Release|x86.ActiveCfg = Release|x86
		{267F0B27-D048-46AA-921B-FB4B69039650}.Release|x86.Build.0 = Release|x86
		{8A7D5116-16CB-46EE-B2AE-60D2152335D1}.Debug|Any CPU.ActiveCfg = Debug|Any CPU
		{8A7D5116-16CB-46EE-B2AE-60D2152335D1}.Debug|Any CPU.Build.0 = Debug|Any CPU
		{8A7D5116-16CB-46EE-B2AE-60D2152335D1}.Debug|x86.ActiveCfg = Debug|x86
		{8A7D5116-16CB-46EE-B2AE-60D2152335D1}.Debug|x86.Build.0 = Debug|x86
		{8A7D5116-16CB-46EE-B2AE-60D2152335D1}.Release|Any CPU.ActiveCfg = Release|Any CPU
		{8A7D5116-16CB-46EE-B2AE-60D2152335D1}.Release|Any CPU.Build.0 = Release|Any CPU
		{8A7D5116-16CB-46EE-B2AE-60D2152335D1}.Release|x86.ActiveCfg = Release|x86
		{8A7D5116-16CB-46EE-B2AE-60D2152335D1}.Release|x86.Build.0 = Release|x86
		{E1F14FB6-50B2-4AE9-8F83-F6261E3E27BC}.Debug|Any CPU.ActiveCfg = Debug|Any CPU
		{E1F14FB6-50B2-4AE9-8F83-F6261E3E27BC}.Debug|Any CPU.Build.0 = Debug|Any CPU
		{E1F14FB6-50B2-4AE9-8F83-F6261E3E27BC}.Debug|x86.ActiveCfg = Debug|x86
		{E1F14FB6-50B2-4AE9-8F83-F6261E3E27BC}.Debug|x86.Build.0 = Debug|x86
		{E1F14FB6-50B2-4AE9-8F83-F6261E3E27BC}.Release|Any CPU.ActiveCfg = Release|Any CPU
		{E1F14FB6-50B2-4AE9-8F83-F6261E3E27BC}.Release|Any CPU.Build.0 = Release|Any CPU
		{E1F14FB6-50B2-4AE9-8F83-F6261E3E27BC}.Release|x86.ActiveCfg = Release|x86
		{E1F14FB6-50B2-4AE9-8F83-F6261E3E27BC}.Release|x86.Build.0 = Release|x86
		{50CBA4C7-ADD7-4782-8B24-8C502FEDFB82}.Debug|Any CPU.ActiveCfg = Debug|Any CPU
		{50CBA4C7-ADD7-4782-8B24-8C502FEDFB82}.Debug|Any CPU.Build.0 = Debug|Any CPU
		{50CBA4C7-ADD7-4782-8B24-8C502FEDFB82}.Debug|x86.ActiveCfg = Debug|x86
		{50CBA4C7-ADD7-4782-8B24-8C502FEDFB82}.Debug|x86.Build.0 = Debug|x86
		{50CBA4C7-ADD7-4782-8B24-8C502FEDFB82}.Release|Any CPU.ActiveCfg = Release|Any CPU
		{50CBA4C7-ADD7-4782-8B24-8C502FEDFB82}.Release|Any CPU.Build.0 = Release|Any CPU
		{50CBA4C7-ADD7-4782-8B24-8C502FEDFB82}.Release|x86.ActiveCfg = Release|x86
		{50CBA4C7-ADD7-4782-8B24-8C502FEDFB82}.Release|x86.Build.0 = Release|x86
		{E195769F-1384-4A9A-B1FA-DF8B8A8425CE}.Debug|Any CPU.ActiveCfg = Debug|Any CPU
		{E195769F-1384-4A9A-B1FA-DF8B8A8425CE}.Debug|Any CPU.Build.0 = Debug|Any CPU
		{E195769F-1384-4A9A-B1FA-DF8B8A8425CE}.Debug|x86.ActiveCfg = Debug|x86
		{E195769F-1384-4A9A-B1FA-DF8B8A8425CE}.Debug|x86.Build.0 = Debug|x86
		{E195769F-1384-4A9A-B1FA-DF8B8A8425CE}.Release|Any CPU.ActiveCfg = Release|Any CPU
		{E195769F-1384-4A9A-B1FA-DF8B8A8425CE}.Release|Any CPU.Build.0 = Release|Any CPU
		{E195769F-1384-4A9A-B1FA-DF8B8A8425CE}.Release|x86.ActiveCfg = Release|x86
		{E195769F-1384-4A9A-B1FA-DF8B8A8425CE}.Release|x86.Build.0 = Release|x86
		{F3617228-38E9-431E-8629-65E9F7CE0610}.Debug|Any CPU.ActiveCfg = Debug|Any CPU
		{F3617228-38E9-431E-8629-65E9F7CE0610}.Debug|Any CPU.Build.0 = Debug|Any CPU
		{F3617228-38E9-431E-8629-65E9F7CE0610}.Debug|x86.ActiveCfg = Debug|x86
		{F3617228-38E9-431E-8629-65E9F7CE0610}.Debug|x86.Build.0 = Debug|x86
		{F3617228-38E9-431E-8629-65E9F7CE0610}.Release|Any CPU.ActiveCfg = Release|Any CPU
		{F3617228-38E9-431E-8629-65E9F7CE0610}.Release|Any CPU.Build.0 = Release|Any CPU
		{F3617228-38E9-431E-8629-65E9F7CE0610}.Release|x86.ActiveCfg = Release|x86
		{F3617228-38E9-431E-8629-65E9F7CE0610}.Release|x86.Build.0 = Release|x86
		{0560A21D-E6AE-4C7C-B0E6-30E3322569EB}.Debug|Any CPU.ActiveCfg = Debug|Any CPU
		{0560A21D-E6AE-4C7C-B0E6-30E3322569EB}.Debug|Any CPU.Build.0 = Debug|Any CPU
		{0560A21D-E6AE-4C7C-B0E6-30E3322569EB}.Debug|x86.ActiveCfg = Debug|x86
		{0560A21D-E6AE-4C7C-B0E6-30E3322569EB}.Debug|x86.Build.0 = Debug|x86
		{0560A21D-E6AE-4C7C-B0E6-30E3322569EB}.Release|Any CPU.ActiveCfg = Release|Any CPU
		{0560A21D-E6AE-4C7C-B0E6-30E3322569EB}.Release|Any CPU.Build.0 = Release|Any CPU
		{0560A21D-E6AE-4C7C-B0E6-30E3322569EB}.Release|x86.ActiveCfg = Release|x86
		{0560A21D-E6AE-4C7C-B0E6-30E3322569EB}.Release|x86.Build.0 = Release|x86
		{C07AF5D9-B9AA-4862-A264-FF69EE80686F}.Debug|Any CPU.ActiveCfg = Debug|Any CPU
		{C07AF5D9-B9AA-4862-A264-FF69EE80686F}.Debug|Any CPU.Build.0 = Debug|Any CPU
		{C07AF5D9-B9AA-4862-A264-FF69EE80686F}.Debug|x86.ActiveCfg = Debug|x86
		{C07AF5D9-B9AA-4862-A264-FF69EE80686F}.Debug|x86.Build.0 = Debug|x86
		{C07AF5D9-B9AA-4862-A264-FF69EE80686F}.Release|Any CPU.ActiveCfg = Release|Any CPU
		{C07AF5D9-B9AA-4862-A264-FF69EE80686F}.Release|Any CPU.Build.0 = Release|Any CPU
		{C07AF5D9-B9AA-4862-A264-FF69EE80686F}.Release|x86.ActiveCfg = Release|x86
		{C07AF5D9-B9AA-4862-A264-FF69EE80686F}.Release|x86.Build.0 = Release|x86
		{BBEE5D4A-B692-4C89-9CC8-9F2B50BC8655}.Debug|Any CPU.ActiveCfg = Debug|Any CPU
		{BBEE5D4A-B692-4C89-9CC8-9F2B50BC8655}.Debug|Any CPU.Build.0 = Debug|Any CPU
		{BBEE5D4A-B692-4C89-9CC8-9F2B50BC8655}.Debug|x86.ActiveCfg = Debug|x86
		{BBEE5D4A-B692-4C89-9CC8-9F2B50BC8655}.Debug|x86.Build.0 = Debug|x86
		{BBEE5D4A-B692-4C89-9CC8-9F2B50BC8655}.Release|Any CPU.ActiveCfg = Release|Any CPU
		{BBEE5D4A-B692-4C89-9CC8-9F2B50BC8655}.Release|Any CPU.Build.0 = Release|Any CPU
		{BBEE5D4A-B692-4C89-9CC8-9F2B50BC8655}.Release|x86.ActiveCfg = Release|x86
		{BBEE5D4A-B692-4C89-9CC8-9F2B50BC8655}.Release|x86.Build.0 = Release|x86
		{1920CC03-135F-4C42-9050-5853AEA973A3}.Debug|Any CPU.ActiveCfg = Debug|Any CPU
		{1920CC03-135F-4C42-9050-5853AEA973A3}.Debug|Any CPU.Build.0 = Debug|Any CPU
		{1920CC03-135F-4C42-9050-5853AEA973A3}.Debug|x86.ActiveCfg = Debug|x86
		{1920CC03-135F-4C42-9050-5853AEA973A3}.Debug|x86.Build.0 = Debug|x86
		{1920CC03-135F-4C42-9050-5853AEA973A3}.Release|Any CPU.ActiveCfg = Release|Any CPU
		{1920CC03-135F-4C42-9050-5853AEA973A3}.Release|Any CPU.Build.0 = Release|Any CPU
		{1920CC03-135F-4C42-9050-5853AEA973A3}.Release|x86.ActiveCfg = Release|x86
		{1920CC03-135F-4C42-9050-5853AEA973A3}.Release|x86.Build.0 = Release|x86
		{87291A92-B67B-4A8B-A722-2EDA01D30470}.Debug|Any CPU.ActiveCfg = Debug|Any CPU
		{87291A92-B67B-4A8B-A722-2EDA01D30470}.Debug|Any CPU.Build.0 = Debug|Any CPU
		{87291A92-B67B-4A8B-A722-2EDA01D30470}.Debug|x86.ActiveCfg = Debug|x86
		{87291A92-B67B-4A8B-A722-2EDA01D30470}.Debug|x86.Build.0 = Debug|x86
		{87291A92-B67B-4A8B-A722-2EDA01D30470}.Release|Any CPU.ActiveCfg = Release|Any CPU
		{87291A92-B67B-4A8B-A722-2EDA01D30470}.Release|Any CPU.Build.0 = Release|Any CPU
		{87291A92-B67B-4A8B-A722-2EDA01D30470}.Release|x86.ActiveCfg = Release|x86
		{87291A92-B67B-4A8B-A722-2EDA01D30470}.Release|x86.Build.0 = Release|x86
		{50E4F236-E93D-4AE8-93E8-8D648082F237}.Debug|Any CPU.ActiveCfg = Debug|Any CPU
		{50E4F236-E93D-4AE8-93E8-8D648082F237}.Debug|Any CPU.Build.0 = Debug|Any CPU
		{50E4F236-E93D-4AE8-93E8-8D648082F237}.Debug|x86.ActiveCfg = Debug|x86
		{50E4F236-E93D-4AE8-93E8-8D648082F237}.Debug|x86.Build.0 = Debug|x86
		{50E4F236-E93D-4AE8-93E8-8D648082F237}.Release|Any CPU.ActiveCfg = Release|Any CPU
		{50E4F236-E93D-4AE8-93E8-8D648082F237}.Release|Any CPU.Build.0 = Release|Any CPU
		{50E4F236-E93D-4AE8-93E8-8D648082F237}.Release|x86.ActiveCfg = Release|x86
		{50E4F236-E93D-4AE8-93E8-8D648082F237}.Release|x86.Build.0 = Release|x86
		{B7371E5E-FCF1-4662-9AB2-F365F5A95952}.Debug|Any CPU.ActiveCfg = Debug|Any CPU
		{B7371E5E-FCF1-4662-9AB2-F365F5A95952}.Debug|Any CPU.Build.0 = Debug|Any CPU
		{B7371E5E-FCF1-4662-9AB2-F365F5A95952}.Debug|x86.ActiveCfg = Debug|x86
		{B7371E5E-FCF1-4662-9AB2-F365F5A95952}.Debug|x86.Build.0 = Debug|x86
		{B7371E5E-FCF1-4662-9AB2-F365F5A95952}.Release|Any CPU.ActiveCfg = Release|Any CPU
		{B7371E5E-FCF1-4662-9AB2-F365F5A95952}.Release|Any CPU.Build.0 = Release|Any CPU
		{B7371E5E-FCF1-4662-9AB2-F365F5A95952}.Release|x86.ActiveCfg = Release|x86
		{B7371E5E-FCF1-4662-9AB2-F365F5A95952}.Release|x86.Build.0 = Release|x86
		{2A3C7929-22E9-43AD-A872-2B7CB306122A}.Debug|Any CPU.ActiveCfg = Debug|Any CPU
		{2A3C7929-22E9-43AD-A872-2B7CB306122A}.Debug|Any CPU.Build.0 = Debug|Any CPU
		{2A3C7929-22E9-43AD-A872-2B7CB306122A}.Debug|x86.ActiveCfg = Debug|x86
		{2A3C7929-22E9-43AD-A872-2B7CB306122A}.Debug|x86.Build.0 = Debug|x86
		{2A3C7929-22E9-43AD-A872-2B7CB306122A}.Release|Any CPU.ActiveCfg = Release|Any CPU
		{2A3C7929-22E9-43AD-A872-2B7CB306122A}.Release|Any CPU.Build.0 = Release|Any CPU
		{2A3C7929-22E9-43AD-A872-2B7CB306122A}.Release|x86.ActiveCfg = Release|x86
		{2A3C7929-22E9-43AD-A872-2B7CB306122A}.Release|x86.Build.0 = Release|x86
		{51368E9E-25DA-47CD-83F5-75160C0453A6}.Debug|Any CPU.ActiveCfg = Debug|Any CPU
		{51368E9E-25DA-47CD-83F5-75160C0453A6}.Debug|Any CPU.Build.0 = Debug|Any CPU
		{51368E9E-25DA-47CD-83F5-75160C0453A6}.Debug|x86.ActiveCfg = Debug|x86
		{51368E9E-25DA-47CD-83F5-75160C0453A6}.Debug|x86.Build.0 = Debug|x86
		{51368E9E-25DA-47CD-83F5-75160C0453A6}.Release|Any CPU.ActiveCfg = Release|Any CPU
		{51368E9E-25DA-47CD-83F5-75160C0453A6}.Release|Any CPU.Build.0 = Release|Any CPU
		{51368E9E-25DA-47CD-83F5-75160C0453A6}.Release|x86.ActiveCfg = Release|x86
		{51368E9E-25DA-47CD-83F5-75160C0453A6}.Release|x86.Build.0 = Release|x86
		{D774EFC7-24ED-4DA9-BCDA-3D63213B86B0}.Debug|Any CPU.ActiveCfg = Debug|Any CPU
		{D774EFC7-24ED-4DA9-BCDA-3D63213B86B0}.Debug|Any CPU.Build.0 = Debug|Any CPU
		{D774EFC7-24ED-4DA9-BCDA-3D63213B86B0}.Debug|x86.ActiveCfg = Debug|x86
		{D774EFC7-24ED-4DA9-BCDA-3D63213B86B0}.Debug|x86.Build.0 = Debug|x86
		{D774EFC7-24ED-4DA9-BCDA-3D63213B86B0}.Release|Any CPU.ActiveCfg = Release|Any CPU
		{D774EFC7-24ED-4DA9-BCDA-3D63213B86B0}.Release|Any CPU.Build.0 = Release|Any CPU
		{D774EFC7-24ED-4DA9-BCDA-3D63213B86B0}.Release|x86.ActiveCfg = Release|x86
		{D774EFC7-24ED-4DA9-BCDA-3D63213B86B0}.Release|x86.Build.0 = Release|x86
		{077FFD8C-AD76-4E66-98CC-C08C9B3A3F16}.Debug|Any CPU.ActiveCfg = Debug|Any CPU
		{077FFD8C-AD76-4E66-98CC-C08C9B3A3F16}.Debug|Any CPU.Build.0 = Debug|Any CPU
		{077FFD8C-AD76-4E66-98CC-C08C9B3A3F16}.Debug|x86.ActiveCfg = Debug|Any CPU
		{077FFD8C-AD76-4E66-98CC-C08C9B3A3F16}.Debug|x86.Build.0 = Debug|Any CPU
		{077FFD8C-AD76-4E66-98CC-C08C9B3A3F16}.Release|Any CPU.ActiveCfg = Release|Any CPU
		{077FFD8C-AD76-4E66-98CC-C08C9B3A3F16}.Release|Any CPU.Build.0 = Release|Any CPU
		{077FFD8C-AD76-4E66-98CC-C08C9B3A3F16}.Release|x86.ActiveCfg = Release|Any CPU
		{077FFD8C-AD76-4E66-98CC-C08C9B3A3F16}.Release|x86.Build.0 = Release|Any CPU
		{0E27DF05-1B2B-45A6-A0E8-853130412FE5}.Debug|Any CPU.ActiveCfg = Debug|Any CPU
		{0E27DF05-1B2B-45A6-A0E8-853130412FE5}.Debug|Any CPU.Build.0 = Debug|Any CPU
		{0E27DF05-1B2B-45A6-A0E8-853130412FE5}.Debug|x86.ActiveCfg = Debug|x86
		{0E27DF05-1B2B-45A6-A0E8-853130412FE5}.Debug|x86.Build.0 = Debug|x86
		{0E27DF05-1B2B-45A6-A0E8-853130412FE5}.Release|Any CPU.ActiveCfg = Release|Any CPU
		{0E27DF05-1B2B-45A6-A0E8-853130412FE5}.Release|Any CPU.Build.0 = Release|Any CPU
		{0E27DF05-1B2B-45A6-A0E8-853130412FE5}.Release|x86.ActiveCfg = Release|x86
		{0E27DF05-1B2B-45A6-A0E8-853130412FE5}.Release|x86.Build.0 = Release|x86
		{CB978C47-4DDF-4D9B-B25B-6F2898ABAA12}.Debug|Any CPU.ActiveCfg = Debug|Any CPU
		{CB978C47-4DDF-4D9B-B25B-6F2898ABAA12}.Debug|Any CPU.Build.0 = Debug|Any CPU
		{CB978C47-4DDF-4D9B-B25B-6F2898ABAA12}.Debug|x86.ActiveCfg = Debug|x86
		{CB978C47-4DDF-4D9B-B25B-6F2898ABAA12}.Debug|x86.Build.0 = Debug|x86
		{CB978C47-4DDF-4D9B-B25B-6F2898ABAA12}.Release|Any CPU.ActiveCfg = Release|Any CPU
		{CB978C47-4DDF-4D9B-B25B-6F2898ABAA12}.Release|Any CPU.Build.0 = Release|Any CPU
		{CB978C47-4DDF-4D9B-B25B-6F2898ABAA12}.Release|x86.ActiveCfg = Release|x86
		{CB978C47-4DDF-4D9B-B25B-6F2898ABAA12}.Release|x86.Build.0 = Release|x86
		{619E2398-19B6-4260-AADC-4694E288AB9D}.Debug|Any CPU.ActiveCfg = Debug|Any CPU
		{619E2398-19B6-4260-AADC-4694E288AB9D}.Debug|Any CPU.Build.0 = Debug|Any CPU
		{619E2398-19B6-4260-AADC-4694E288AB9D}.Debug|x86.ActiveCfg = Debug|x86
		{619E2398-19B6-4260-AADC-4694E288AB9D}.Debug|x86.Build.0 = Debug|x86
		{619E2398-19B6-4260-AADC-4694E288AB9D}.Release|Any CPU.ActiveCfg = Release|Any CPU
		{619E2398-19B6-4260-AADC-4694E288AB9D}.Release|Any CPU.Build.0 = Release|Any CPU
		{619E2398-19B6-4260-AADC-4694E288AB9D}.Release|x86.ActiveCfg = Release|x86
		{619E2398-19B6-4260-AADC-4694E288AB9D}.Release|x86.Build.0 = Release|x86
	EndGlobalSection
	GlobalSection(SolutionProperties) = preSolution
		HideSolutionNode = FALSE
	EndGlobalSection
	GlobalSection(NestedProjects) = preSolution
		{26661F4E-A142-4C1F-B015-BC479CA00578} = {A651760D-445C-4AB2-80D8-3084D5BD15E3}
		{D3390B7A-9EB0-4AD5-B6B4-E02C52B9DFFB} = {26661F4E-A142-4C1F-B015-BC479CA00578}
		{9EAF11E2-FA02-4EAC-98A4-18ECDC4C7B79} = {26661F4E-A142-4C1F-B015-BC479CA00578}
		{4A398F47-1299-4297-8E0E-28DBA3F37AB3} = {A651760D-445C-4AB2-80D8-3084D5BD15E3}
		{7A106CF3-D92D-43A3-93DB-C75AAAE2A7DA} = {4A398F47-1299-4297-8E0E-28DBA3F37AB3}
		{6A47D444-C9B9-4017-BC9A-0947C1C76DCF} = {4A398F47-1299-4297-8E0E-28DBA3F37AB3}
		{FE6E2CDC-0DCD-4F87-9932-FABA69B2392E} = {A651760D-445C-4AB2-80D8-3084D5BD15E3}
		{F3E62D00-4885-48B0-BF21-0CAFF872C74F} = {FE6E2CDC-0DCD-4F87-9932-FABA69B2392E}
		{3F57489E-6BD8-4125-A48E-877E06041156} = {FE6E2CDC-0DCD-4F87-9932-FABA69B2392E}
		{6AAAC663-523D-46F4-8ED0-271468B4B2B0} = {A651760D-445C-4AB2-80D8-3084D5BD15E3}
		{2B03C134-D8BA-4EFA-BD70-B9508A6A57D0} = {A651760D-445C-4AB2-80D8-3084D5BD15E3}
		{CAE6A11A-3461-4D44-A80C-16F3CE3E78AC} = {A651760D-445C-4AB2-80D8-3084D5BD15E3}
		{BC84E1E8-F1E7-4246-8465-E57AEEC24094} = {A651760D-445C-4AB2-80D8-3084D5BD15E3}
		{F3B833A3-5896-402C-A8A0-BBDFD7CCDC32} = {A651760D-445C-4AB2-80D8-3084D5BD15E3}
		{42BA5F24-0135-4270-BCB4-766AC22DD98B} = {A651760D-445C-4AB2-80D8-3084D5BD15E3}
		{5A3AC8F4-B36B-42D0-A4E9-BBEA75DECAA8} = {A651760D-445C-4AB2-80D8-3084D5BD15E3}
		{918E6405-F9F7-44B7-88DF-694075A24C42} = {A651760D-445C-4AB2-80D8-3084D5BD15E3}
		{8779F032-E60D-4D67-99D9-54833073E1CE} = {A651760D-445C-4AB2-80D8-3084D5BD15E3}
		{BCA02A5B-311E-428A-9FBE-E7AE400F7CD1} = {6AAAC663-523D-46F4-8ED0-271468B4B2B0}
		{AFBE4DB3-3587-40BC-899F-77117F2F9753} = {6AAAC663-523D-46F4-8ED0-271468B4B2B0}
		{267F0B27-D048-46AA-921B-FB4B69039650} = {2B03C134-D8BA-4EFA-BD70-B9508A6A57D0}
		{8A7D5116-16CB-46EE-B2AE-60D2152335D1} = {2B03C134-D8BA-4EFA-BD70-B9508A6A57D0}
		{E1F14FB6-50B2-4AE9-8F83-F6261E3E27BC} = {CAE6A11A-3461-4D44-A80C-16F3CE3E78AC}
		{50CBA4C7-ADD7-4782-8B24-8C502FEDFB82} = {CAE6A11A-3461-4D44-A80C-16F3CE3E78AC}
		{E195769F-1384-4A9A-B1FA-DF8B8A8425CE} = {BC84E1E8-F1E7-4246-8465-E57AEEC24094}
		{F3617228-38E9-431E-8629-65E9F7CE0610} = {BC84E1E8-F1E7-4246-8465-E57AEEC24094}
		{0560A21D-E6AE-4C7C-B0E6-30E3322569EB} = {F3B833A3-5896-402C-A8A0-BBDFD7CCDC32}
		{C07AF5D9-B9AA-4862-A264-FF69EE80686F} = {F3B833A3-5896-402C-A8A0-BBDFD7CCDC32}
		{BBEE5D4A-B692-4C89-9CC8-9F2B50BC8655} = {42BA5F24-0135-4270-BCB4-766AC22DD98B}
		{1920CC03-135F-4C42-9050-5853AEA973A3} = {42BA5F24-0135-4270-BCB4-766AC22DD98B}
		{87291A92-B67B-4A8B-A722-2EDA01D30470} = {5A3AC8F4-B36B-42D0-A4E9-BBEA75DECAA8}
		{50E4F236-E93D-4AE8-93E8-8D648082F237} = {5A3AC8F4-B36B-42D0-A4E9-BBEA75DECAA8}
		{B7371E5E-FCF1-4662-9AB2-F365F5A95952} = {918E6405-F9F7-44B7-88DF-694075A24C42}
		{2A3C7929-22E9-43AD-A872-2B7CB306122A} = {918E6405-F9F7-44B7-88DF-694075A24C42}
		{51368E9E-25DA-47CD-83F5-75160C0453A6} = {8779F032-E60D-4D67-99D9-54833073E1CE}
		{D774EFC7-24ED-4DA9-BCDA-3D63213B86B0} = {8779F032-E60D-4D67-99D9-54833073E1CE}
		{21AEF0BC-2FBD-43E0-8B6F-882B76A56107} = {01D61791-87A2-48C5-A222-A91EE8AF2A6D}
		{4E8508EB-B861-43B4-82D8-F6E86910683C} = {01D61791-87A2-48C5-A222-A91EE8AF2A6D}
		{743E6C2F-1F52-436F-AE9C-8B6836838844} = {01D61791-87A2-48C5-A222-A91EE8AF2A6D}
		{5538CEA5-2F6D-4536-9F6A-858A9CEA6495} = {01D61791-87A2-48C5-A222-A91EE8AF2A6D}
		{FC163CFA-AF12-4635-83D1-53A6F4911114} = {01D61791-87A2-48C5-A222-A91EE8AF2A6D}
		{156C82AC-B1DD-4E0B-993D-661782D0774F} = {01D61791-87A2-48C5-A222-A91EE8AF2A6D}
		{7DE17FD6-DCA6-4B64-8716-676C8D97B108} = {A651760D-445C-4AB2-80D8-3084D5BD15E3}
		{BF38F6C0-0455-452C-81F5-70203EB538CE} = {A651760D-445C-4AB2-80D8-3084D5BD15E3}
		{077FFD8C-AD76-4E66-98CC-C08C9B3A3F16} = {BF38F6C0-0455-452C-81F5-70203EB538CE}
		{0E27DF05-1B2B-45A6-A0E8-853130412FE5} = {BF38F6C0-0455-452C-81F5-70203EB538CE}
		{CB978C47-4DDF-4D9B-B25B-6F2898ABAA12} = {7DE17FD6-DCA6-4B64-8716-676C8D97B108}
		{619E2398-19B6-4260-AADC-4694E288AB9D} = {7DE17FD6-DCA6-4B64-8716-676C8D97B108}
	EndGlobalSection
EndGlobal
