
Microsoft Visual Studio Solution File, Format Version 12.00
# Visual Studio 14
VisualStudioVersion = 14.0.23107.0
MinimumVisualStudioVersion = 10.0.40219.1
Project("{2150E333-8FDC-42A3-9474-1A3956D46DE8}") = "FizzBuzz", "FizzBuzz", "{E4CC9CCF-C1B1-48D2-9935-16E2DD294087}"
	ProjectSection(SolutionItems) = preProject
		TDD-Kata\FizzBuzz\ReadMe.md = TDD-Kata\FizzBuzz\ReadMe.md
	EndProjectSection
EndProject
Project("{2150E333-8FDC-42A3-9474-1A3956D46DE8}") = "Solution Items", "Solution Items", "{37874DED-80DC-4EB1-AD50-EA6663AAD840}"
EndProject
Project("{FAE04EC0-301F-11D3-BF4B-00C04F79EFBC}") = "FizzBuzz", "TDD-Kata\FizzBuzz\FizzBuzz-csharp\FizzBuzz.csproj", "{AD0E342C-FE9E-4841-B116-35AD1EB19F36}"
EndProject
Project("{2150E333-8FDC-42A3-9474-1A3956D46DE8}") = "LeapYears", "LeapYears", "{F095024C-956C-4132-9C95-1CD75B25E85A}"
	ProjectSection(SolutionItems) = preProject
		TDD-Kata\LeapYears\ReadMe.md = TDD-Kata\LeapYears\ReadMe.md
	EndProjectSection
EndProject
Project("{FAE04EC0-301F-11D3-BF4B-00C04F79EFBC}") = "LeapYears", "TDD-Kata\LeapYears\LeapYears-csharp\LeapYears.csproj", "{EAE66D52-635D-4870-B326-3BADD0EDE093}"
EndProject
Project("{2150E333-8FDC-42A3-9474-1A3956D46DE8}") = "FooBarQix", "FooBarQix", "{68ABDE80-83D0-4612-9D1C-D894395B7188}"
	ProjectSection(SolutionItems) = preProject
		TDD-Kata\FooBarQix\ReadMe.md = TDD-Kata\FooBarQix\ReadMe.md
	EndProjectSection
EndProject
Project("{FAE04EC0-301F-11D3-BF4B-00C04F79EFBC}") = "FooBarQix", "TDD-Kata\FooBarQix\FooBarQix-csharp\FooBarQix.csproj", "{C075AD15-A759-4D0A-9B74-99ABAAD21E77}"
EndProject
Project("{2150E333-8FDC-42A3-9474-1A3956D46DE8}") = "StringCalculator", "StringCalculator", "{BE23CA87-6894-4A48-A245-4C0B6C9CFB84}"
	ProjectSection(SolutionItems) = preProject
		TDD-Kata\StringCalculator\ReadMe.md = TDD-Kata\StringCalculator\ReadMe.md
	EndProjectSection
EndProject
Project("{FAE04EC0-301F-11D3-BF4B-00C04F79EFBC}") = "StringCalculator", "TDD-Kata\StringCalculator\StringCalculator-csharp\StringCalculator.csproj", "{5F9F33BB-BF05-4570-BF7B-770ED8C307D1}"
EndProject
Project("{2150E333-8FDC-42A3-9474-1A3956D46DE8}") = "RomanNumerals", "RomanNumerals", "{A2FB3E73-1C25-46FB-B3B8-EEC2131DBA73}"
	ProjectSection(SolutionItems) = preProject
		TDD-Kata\RomanNumerals\ReadMe.md = TDD-Kata\RomanNumerals\ReadMe.md
	EndProjectSection
EndProject
Project("{FAE04EC0-301F-11D3-BF4B-00C04F79EFBC}") = "RomanNumerals", "TDD-Kata\RomanNumerals\RomanNumerals-csharp\RomanNumerals.csproj", "{5B14A93B-2A45-4044-ABF8-DA330E782791}"
EndProject
Project("{2150E333-8FDC-42A3-9474-1A3956D46DE8}") = "Args", "Args", "{90A8538B-3938-4A2B-B63F-6FFB50BE7570}"
	ProjectSection(SolutionItems) = preProject
		TDD-Kata\Args\ReadMe.md = TDD-Kata\Args\ReadMe.md
	EndProjectSection
EndProject
Project("{2150E333-8FDC-42A3-9474-1A3956D46DE8}") = "Diamond", "Diamond", "{35B3057D-3DD5-40DE-B93A-D6B76AEB7F75}"
	ProjectSection(SolutionItems) = preProject
		TDD-Kata\Diamond\ReadMe.md = TDD-Kata\Diamond\ReadMe.md
	EndProjectSection
EndProject
Project("{FAE04EC0-301F-11D3-BF4B-00C04F79EFBC}") = "Diamond", "TDD-Kata\Diamond\Diamond-csharp\Diamond.csproj", "{8FF273ED-B670-4350-A885-C61317036D7E}"
EndProject
Project("{2150E333-8FDC-42A3-9474-1A3956D46DE8}") = "DDD", "DDD", "{982FBA1C-F57D-4825-8E5A-C4946E07CD12}"
EndProject
Project("{FAE04EC0-301F-11D3-BF4B-00C04F79EFBC}") = "DDD", "TDD-Kata\DDD\DDD-csharp\DDD.csproj", "{94ED8D4B-8899-406E-AED1-89130CA60434}"
EndProject
Project("{2150E333-8FDC-42A3-9474-1A3956D46DE8}") = "PrimeFactor", "PrimeFactor", "{C33501F7-DDE8-4C93-A32E-509C629DCAAD}"
	ProjectSection(SolutionItems) = preProject
		TDD-Kata\PrimeFactor\PrimeFactor-csharp\ReadMe.md = TDD-Kata\PrimeFactor\PrimeFactor-csharp\ReadMe.md
	EndProjectSection
EndProject
Project("{FAE04EC0-301F-11D3-BF4B-00C04F79EFBC}") = "PrimeFactor", "TDD-Kata\PrimeFactor\PrimeFactor-csharp\PrimeFactor.csproj", "{A65DA4E8-394F-44A2-87FB-12407ABAAF33}"
EndProject
Project("{2150E333-8FDC-42A3-9474-1A3956D46DE8}") = "FileSystem", "FileSystem", "{CA696AE8-54F2-4470-91F8-424DE5CE8903}"
	ProjectSection(SolutionItems) = preProject
		TDD-Kata\FileSystem\ReadMe.md = TDD-Kata\FileSystem\ReadMe.md
	EndProjectSection
EndProject
Project("{FAE04EC0-301F-11D3-BF4B-00C04F79EFBC}") = "FileSystem", "TDD-Kata\FileSystem\FileSystem-csharp\FileSystem.csproj", "{9B84FCCC-9F6B-414E-BD07-4AE3B4AB0CD0}"
EndProject
Project("{2150E333-8FDC-42A3-9474-1A3956D46DE8}") = "MiniPricer", "MiniPricer", "{E8760454-7F06-4BE2-AF03-5CDBE590B679}"
	ProjectSection(SolutionItems) = preProject
		TDD-Kata\LeapYears\ReadMe.md = TDD-Kata\LeapYears\ReadMe.md
	EndProjectSection
EndProject
Project("{FAE04EC0-301F-11D3-BF4B-00C04F79EFBC}") = "MiniPricer", "TDD-Kata\MiniPricer\MiniPricer-csharp\MiniPricer.csproj", "{9AD6874E-AEA7-4DB1-ABC3-CAF131C44E87}"
EndProject
Project("{2150E333-8FDC-42A3-9474-1A3956D46DE8}") = "BowlingGame", "BowlingGame", "{090B458D-47CF-4417-8C8A-1DF74BB31AFD}"
	ProjectSection(SolutionItems) = preProject
		TDD-Kata\BowlingGame\Readme.md = TDD-Kata\BowlingGame\Readme.md
	EndProjectSection
EndProject
Project("{FAE04EC0-301F-11D3-BF4B-00C04F79EFBC}") = "BowlingGame", "TDD-Kata\BowlingGame\BowlingGame-csharp\BowlingGame.csproj", "{D0FC464E-3A0F-4FD8-AE79-73AE389DACD5}"
EndProject
Project("{2150E333-8FDC-42A3-9474-1A3956D46DE8}") = "Minesweeper", "Minesweeper", "{2B2DD7BB-42BC-4D54-A096-08C4AA90F9F1}"
	ProjectSection(SolutionItems) = preProject
		TDD-Kata\Minesweeper\ReadMe.md = TDD-Kata\Minesweeper\ReadMe.md
	EndProjectSection
EndProject
Project("{FAE04EC0-301F-11D3-BF4B-00C04F79EFBC}") = "Minesweeper", "TDD-Kata\Minesweeper\Minesweeper-csharp\Minesweeper.csproj", "{466973FE-CADA-4A12-A886-FB76D3EB4635}"
EndProject
Project("{2150E333-8FDC-42A3-9474-1A3956D46DE8}") = "GameOfLife", "GameOfLife", "{2960C3C5-2E1B-475D-8A04-3D795BEE97DD}"
	ProjectSection(SolutionItems) = preProject
		TDD-Kata\GameOfLife\Readme.md = TDD-Kata\GameOfLife\Readme.md
	EndProjectSection
EndProject
Project("{FAE04EC0-301F-11D3-BF4B-00C04F79EFBC}") = "GameOfLife", "TDD-Kata\GameOfLife\GameOfLife-csharp\GameOfLife.csproj", "{C804C936-31E6-4AD2-8888-D08EB4D6D169}"
EndProject
Project("{FAE04EC0-301F-11D3-BF4B-00C04F79EFBC}") = "TicTacToe-csharp", "TDD-Kata\TicTacToe\TicTacToe-csharp\TicTacToe-csharp.csproj", "{298E8531-827A-473C-8F11-B4FEC82DE9D5}"
EndProject
Project("{2150E333-8FDC-42A3-9474-1A3956D46DE8}") = "TicTacToe", "TicTacToe", "{30B7A890-B7EB-491A-B7A7-22D2CEBAC91E}"
EndProject
Project("{FAE04EC0-301F-11D3-BF4B-00C04F79EFBC}") = "ReloadCountdown", "TDD-Kata\ReloadCountdown\ReloadCountdown-csharp\ReloadCountdown.csproj", "{CB988AC0-DD29-4ECE-BB92-13E2AC2AAFC4}"
EndProject
Project("{2150E333-8FDC-42A3-9474-1A3956D46DE8}") = "ReloadCountdown", "ReloadCountdown", "{2F509C1E-5259-49DD-8CAD-82BE641AF86F}"
	ProjectSection(SolutionItems) = preProject
		TDD-Kata\ReloadCountdown\Readme.md = TDD-Kata\ReloadCountdown\Readme.md
	EndProjectSection
EndProject
Project("{2150E333-8FDC-42A3-9474-1A3956D46DE8}") = "TDD", "TDD", "{A651760D-445C-4AB2-80D8-3084D5BD15E3}"
EndProject
Project("{FAE04EC0-301F-11D3-BF4B-00C04F79EFBC}") = "Args", "TDD-Kata\Args\Args-csharp\Args.csproj", "{980699FF-C475-4DAD-8E54-48962B5FA26B}"
EndProject
Project("{2150E333-8FDC-42A3-9474-1A3956D46DE8}") = "Refactoring", "Refactoring", "{01D61791-87A2-48C5-A222-A91EE8AF2A6D}"
EndProject
Project("{2150E333-8FDC-42A3-9474-1A3956D46DE8}") = "GildedRose", "GildedRose", "{63FC4728-1B7F-4B77-80F3-2701722763B6}"
	ProjectSection(SolutionItems) = preProject
		Refactoring-Kata\GildedRose\GildedRoseRequirements.txt = Refactoring-Kata\GildedRose\GildedRoseRequirements.txt
		Refactoring-Kata\GildedRose\license.txt = Refactoring-Kata\GildedRose\license.txt
		Refactoring-Kata\GildedRose\README.md = Refactoring-Kata\GildedRose\README.md
	EndProjectSection
EndProject
Project("{FAE04EC0-301F-11D3-BF4B-00C04F79EFBC}") = "GildedRose", "Refactoring-Kata\GildedRose\GildedRose-csharp\GildedRose.csproj", "{330AA49E-6C8E-425B-9878-DE0C846B643F}"
EndProject
Project("{2150E333-8FDC-42A3-9474-1A3956D46DE8}") = "MovieRental", "MovieRental", "{73FEF71D-1E40-4D01-93D4-759E5F16D5D2}"
	ProjectSection(SolutionItems) = preProject
		Refactoring-Kata\MovieRental\README.md = Refactoring-Kata\MovieRental\README.md
	EndProjectSection
EndProject
Project("{FAE04EC0-301F-11D3-BF4B-00C04F79EFBC}") = "MovieRental", "Refactoring-Kata\MovieRental\MovieRental-csharp\MovieRental.csproj", "{F268E7CB-15F0-46CD-AE37-08E8F487F85E}"
EndProject
Project("{2150E333-8FDC-42A3-9474-1A3956D46DE8}") = "Tennis", "Tennis", "{A95B3EA4-C7AB-4008-8457-9E5ED86709AA}"
	ProjectSection(SolutionItems) = preProject
		Refactoring-Kata\Tennis\README.md = Refactoring-Kata\Tennis\README.md
	EndProjectSection
EndProject
Project("{FAE04EC0-301F-11D3-BF4B-00C04F79EFBC}") = "Tennis-csharp", "Refactoring-Kata\Tennis\Tennis-csharp\Tennis-csharp.csproj", "{DABC0239-B02D-43BE-8DBD-45535A17005E}"
EndProject
Project("{2150E333-8FDC-42A3-9474-1A3956D46DE8}") = "TripService", "TripService", "{B7749DDF-F452-499A-932E-9B8C60ADC21C}"
EndProject
Project("{FAE04EC0-301F-11D3-BF4B-00C04F79EFBC}") = "TripService", "Refactoring-Kata\TripService\TripService-csharp\TripService.csproj", "{D2D23DFE-689F-4A8A-BA53-3A68759E0CB0}"
EndProject
Project("{2150E333-8FDC-42A3-9474-1A3956D46DE8}") = "Yatzy", "Yatzy", "{EF6C4C7C-4260-421A-8156-36CBB22FBB83}"
EndProject
Project("{FAE04EC0-301F-11D3-BF4B-00C04F79EFBC}") = "Yatzy", "Refactoring-Kata\Yatzy\Yatzy-csharp\Yatzy.csproj", "{BE25113C-4165-475C-8904-DAFD97FDF53B}"
EndProject
Project("{2150E333-8FDC-42A3-9474-1A3956D46DE8}") = "Trivia", "Trivia", "{C2B7EB2B-0A00-4AD3-8237-A69D3328CEEB}"
EndProject
Project("{FAE04EC0-301F-11D3-BF4B-00C04F79EFBC}") = "Trivia", "Refactoring-Kata\Trivia\Trivia-csharp\Trivia.csproj", "{2090E114-7EF3-4F0A-A619-C1616422AEFF}"
EndProject
Global
	GlobalSection(SolutionConfigurationPlatforms) = preSolution
		Debug|Any CPU = Debug|Any CPU
		Release|Any CPU = Release|Any CPU
	EndGlobalSection
	GlobalSection(ProjectConfigurationPlatforms) = postSolution
		{AD0E342C-FE9E-4841-B116-35AD1EB19F36}.Debug|Any CPU.ActiveCfg = Debug|Any CPU
		{AD0E342C-FE9E-4841-B116-35AD1EB19F36}.Debug|Any CPU.Build.0 = Debug|Any CPU
		{AD0E342C-FE9E-4841-B116-35AD1EB19F36}.Release|Any CPU.ActiveCfg = Release|Any CPU
		{AD0E342C-FE9E-4841-B116-35AD1EB19F36}.Release|Any CPU.Build.0 = Release|Any CPU
		{EAE66D52-635D-4870-B326-3BADD0EDE093}.Debug|Any CPU.ActiveCfg = Debug|Any CPU
		{EAE66D52-635D-4870-B326-3BADD0EDE093}.Debug|Any CPU.Build.0 = Debug|Any CPU
		{EAE66D52-635D-4870-B326-3BADD0EDE093}.Release|Any CPU.ActiveCfg = Release|Any CPU
		{EAE66D52-635D-4870-B326-3BADD0EDE093}.Release|Any CPU.Build.0 = Release|Any CPU
		{C075AD15-A759-4D0A-9B74-99ABAAD21E77}.Debug|Any CPU.ActiveCfg = Debug|Any CPU
		{C075AD15-A759-4D0A-9B74-99ABAAD21E77}.Debug|Any CPU.Build.0 = Debug|Any CPU
		{C075AD15-A759-4D0A-9B74-99ABAAD21E77}.Release|Any CPU.ActiveCfg = Release|Any CPU
		{C075AD15-A759-4D0A-9B74-99ABAAD21E77}.Release|Any CPU.Build.0 = Release|Any CPU
		{5F9F33BB-BF05-4570-BF7B-770ED8C307D1}.Debug|Any CPU.ActiveCfg = Debug|Any CPU
		{5F9F33BB-BF05-4570-BF7B-770ED8C307D1}.Debug|Any CPU.Build.0 = Debug|Any CPU
		{5F9F33BB-BF05-4570-BF7B-770ED8C307D1}.Release|Any CPU.ActiveCfg = Release|Any CPU
		{5F9F33BB-BF05-4570-BF7B-770ED8C307D1}.Release|Any CPU.Build.0 = Release|Any CPU
		{5B14A93B-2A45-4044-ABF8-DA330E782791}.Debug|Any CPU.ActiveCfg = Debug|Any CPU
		{5B14A93B-2A45-4044-ABF8-DA330E782791}.Debug|Any CPU.Build.0 = Debug|Any CPU
		{5B14A93B-2A45-4044-ABF8-DA330E782791}.Release|Any CPU.ActiveCfg = Release|Any CPU
		{5B14A93B-2A45-4044-ABF8-DA330E782791}.Release|Any CPU.Build.0 = Release|Any CPU
		{8FF273ED-B670-4350-A885-C61317036D7E}.Debug|Any CPU.ActiveCfg = Debug|Any CPU
		{8FF273ED-B670-4350-A885-C61317036D7E}.Debug|Any CPU.Build.0 = Debug|Any CPU
		{8FF273ED-B670-4350-A885-C61317036D7E}.Release|Any CPU.ActiveCfg = Release|Any CPU
		{8FF273ED-B670-4350-A885-C61317036D7E}.Release|Any CPU.Build.0 = Release|Any CPU
		{94ED8D4B-8899-406E-AED1-89130CA60434}.Debug|Any CPU.ActiveCfg = Debug|Any CPU
		{94ED8D4B-8899-406E-AED1-89130CA60434}.Debug|Any CPU.Build.0 = Debug|Any CPU
		{94ED8D4B-8899-406E-AED1-89130CA60434}.Release|Any CPU.ActiveCfg = Release|Any CPU
		{94ED8D4B-8899-406E-AED1-89130CA60434}.Release|Any CPU.Build.0 = Release|Any CPU
		{A65DA4E8-394F-44A2-87FB-12407ABAAF33}.Debug|Any CPU.ActiveCfg = Debug|Any CPU
		{A65DA4E8-394F-44A2-87FB-12407ABAAF33}.Debug|Any CPU.Build.0 = Debug|Any CPU
		{A65DA4E8-394F-44A2-87FB-12407ABAAF33}.Release|Any CPU.ActiveCfg = Release|Any CPU
		{A65DA4E8-394F-44A2-87FB-12407ABAAF33}.Release|Any CPU.Build.0 = Release|Any CPU
		{9B84FCCC-9F6B-414E-BD07-4AE3B4AB0CD0}.Debug|Any CPU.ActiveCfg = Debug|Any CPU
		{9B84FCCC-9F6B-414E-BD07-4AE3B4AB0CD0}.Debug|Any CPU.Build.0 = Debug|Any CPU
		{9B84FCCC-9F6B-414E-BD07-4AE3B4AB0CD0}.Release|Any CPU.ActiveCfg = Release|Any CPU
		{9B84FCCC-9F6B-414E-BD07-4AE3B4AB0CD0}.Release|Any CPU.Build.0 = Release|Any CPU
		{9AD6874E-AEA7-4DB1-ABC3-CAF131C44E87}.Debug|Any CPU.ActiveCfg = Debug|Any CPU
		{9AD6874E-AEA7-4DB1-ABC3-CAF131C44E87}.Debug|Any CPU.Build.0 = Debug|Any CPU
		{9AD6874E-AEA7-4DB1-ABC3-CAF131C44E87}.Release|Any CPU.ActiveCfg = Release|Any CPU
		{9AD6874E-AEA7-4DB1-ABC3-CAF131C44E87}.Release|Any CPU.Build.0 = Release|Any CPU
		{D0FC464E-3A0F-4FD8-AE79-73AE389DACD5}.Debug|Any CPU.ActiveCfg = Debug|Any CPU
		{D0FC464E-3A0F-4FD8-AE79-73AE389DACD5}.Debug|Any CPU.Build.0 = Debug|Any CPU
		{D0FC464E-3A0F-4FD8-AE79-73AE389DACD5}.Release|Any CPU.ActiveCfg = Release|Any CPU
		{D0FC464E-3A0F-4FD8-AE79-73AE389DACD5}.Release|Any CPU.Build.0 = Release|Any CPU
		{466973FE-CADA-4A12-A886-FB76D3EB4635}.Debug|Any CPU.ActiveCfg = Debug|Any CPU
		{466973FE-CADA-4A12-A886-FB76D3EB4635}.Debug|Any CPU.Build.0 = Debug|Any CPU
		{466973FE-CADA-4A12-A886-FB76D3EB4635}.Release|Any CPU.ActiveCfg = Release|Any CPU
		{466973FE-CADA-4A12-A886-FB76D3EB4635}.Release|Any CPU.Build.0 = Release|Any CPU
		{C804C936-31E6-4AD2-8888-D08EB4D6D169}.Debug|Any CPU.ActiveCfg = Debug|Any CPU
		{C804C936-31E6-4AD2-8888-D08EB4D6D169}.Debug|Any CPU.Build.0 = Debug|Any CPU
		{C804C936-31E6-4AD2-8888-D08EB4D6D169}.Release|Any CPU.ActiveCfg = Release|Any CPU
		{C804C936-31E6-4AD2-8888-D08EB4D6D169}.Release|Any CPU.Build.0 = Release|Any CPU
		{298E8531-827A-473C-8F11-B4FEC82DE9D5}.Debug|Any CPU.ActiveCfg = Debug|Any CPU
		{298E8531-827A-473C-8F11-B4FEC82DE9D5}.Debug|Any CPU.Build.0 = Debug|Any CPU
		{298E8531-827A-473C-8F11-B4FEC82DE9D5}.Release|Any CPU.ActiveCfg = Release|Any CPU
		{298E8531-827A-473C-8F11-B4FEC82DE9D5}.Release|Any CPU.Build.0 = Release|Any CPU
		{CB988AC0-DD29-4ECE-BB92-13E2AC2AAFC4}.Debug|Any CPU.ActiveCfg = Debug|Any CPU
		{CB988AC0-DD29-4ECE-BB92-13E2AC2AAFC4}.Debug|Any CPU.Build.0 = Debug|Any CPU
		{CB988AC0-DD29-4ECE-BB92-13E2AC2AAFC4}.Release|Any CPU.ActiveCfg = Release|Any CPU
		{CB988AC0-DD29-4ECE-BB92-13E2AC2AAFC4}.Release|Any CPU.Build.0 = Release|Any CPU
		{980699FF-C475-4DAD-8E54-48962B5FA26B}.Debug|Any CPU.ActiveCfg = Debug|Any CPU
		{980699FF-C475-4DAD-8E54-48962B5FA26B}.Debug|Any CPU.Build.0 = Debug|Any CPU
		{980699FF-C475-4DAD-8E54-48962B5FA26B}.Release|Any CPU.ActiveCfg = Release|Any CPU
		{980699FF-C475-4DAD-8E54-48962B5FA26B}.Release|Any CPU.Build.0 = Release|Any CPU
		{330AA49E-6C8E-425B-9878-DE0C846B643F}.Debug|Any CPU.ActiveCfg = Debug|Any CPU
		{330AA49E-6C8E-425B-9878-DE0C846B643F}.Debug|Any CPU.Build.0 = Debug|Any CPU
		{330AA49E-6C8E-425B-9878-DE0C846B643F}.Release|Any CPU.ActiveCfg = Release|Any CPU
		{330AA49E-6C8E-425B-9878-DE0C846B643F}.Release|Any CPU.Build.0 = Release|Any CPU
		{F268E7CB-15F0-46CD-AE37-08E8F487F85E}.Debug|Any CPU.ActiveCfg = Debug|Any CPU
		{F268E7CB-15F0-46CD-AE37-08E8F487F85E}.Debug|Any CPU.Build.0 = Debug|Any CPU
		{F268E7CB-15F0-46CD-AE37-08E8F487F85E}.Release|Any CPU.ActiveCfg = Release|Any CPU
		{F268E7CB-15F0-46CD-AE37-08E8F487F85E}.Release|Any CPU.Build.0 = Release|Any CPU
		{DABC0239-B02D-43BE-8DBD-45535A17005E}.Debug|Any CPU.ActiveCfg = Debug|Any CPU
		{DABC0239-B02D-43BE-8DBD-45535A17005E}.Debug|Any CPU.Build.0 = Debug|Any CPU
		{DABC0239-B02D-43BE-8DBD-45535A17005E}.Release|Any CPU.ActiveCfg = Release|Any CPU
		{DABC0239-B02D-43BE-8DBD-45535A17005E}.Release|Any CPU.Build.0 = Release|Any CPU
		{D2D23DFE-689F-4A8A-BA53-3A68759E0CB0}.Debug|Any CPU.ActiveCfg = Debug|Any CPU
		{D2D23DFE-689F-4A8A-BA53-3A68759E0CB0}.Debug|Any CPU.Build.0 = Debug|Any CPU
		{D2D23DFE-689F-4A8A-BA53-3A68759E0CB0}.Release|Any CPU.ActiveCfg = Release|Any CPU
		{D2D23DFE-689F-4A8A-BA53-3A68759E0CB0}.Release|Any CPU.Build.0 = Release|Any CPU
		{BE25113C-4165-475C-8904-DAFD97FDF53B}.Debug|Any CPU.ActiveCfg = Debug|Any CPU
		{BE25113C-4165-475C-8904-DAFD97FDF53B}.Debug|Any CPU.Build.0 = Debug|Any CPU
		{BE25113C-4165-475C-8904-DAFD97FDF53B}.Release|Any CPU.ActiveCfg = Release|Any CPU
		{BE25113C-4165-475C-8904-DAFD97FDF53B}.Release|Any CPU.Build.0 = Release|Any CPU
		{2090E114-7EF3-4F0A-A619-C1616422AEFF}.Debug|Any CPU.ActiveCfg = Debug|Any CPU
		{2090E114-7EF3-4F0A-A619-C1616422AEFF}.Debug|Any CPU.Build.0 = Debug|Any CPU
		{2090E114-7EF3-4F0A-A619-C1616422AEFF}.Release|Any CPU.ActiveCfg = Release|Any CPU
		{2090E114-7EF3-4F0A-A619-C1616422AEFF}.Release|Any CPU.Build.0 = Release|Any CPU
	EndGlobalSection
	GlobalSection(SolutionProperties) = preSolution
		HideSolutionNode = FALSE
	EndGlobalSection
	GlobalSection(NestedProjects) = preSolution
		{E4CC9CCF-C1B1-48D2-9935-16E2DD294087} = {A651760D-445C-4AB2-80D8-3084D5BD15E3}
		{37874DED-80DC-4EB1-AD50-EA6663AAD840} = {A651760D-445C-4AB2-80D8-3084D5BD15E3}
		{AD0E342C-FE9E-4841-B116-35AD1EB19F36} = {E4CC9CCF-C1B1-48D2-9935-16E2DD294087}
		{F095024C-956C-4132-9C95-1CD75B25E85A} = {A651760D-445C-4AB2-80D8-3084D5BD15E3}
		{EAE66D52-635D-4870-B326-3BADD0EDE093} = {F095024C-956C-4132-9C95-1CD75B25E85A}
		{68ABDE80-83D0-4612-9D1C-D894395B7188} = {A651760D-445C-4AB2-80D8-3084D5BD15E3}
		{C075AD15-A759-4D0A-9B74-99ABAAD21E77} = {68ABDE80-83D0-4612-9D1C-D894395B7188}
		{BE23CA87-6894-4A48-A245-4C0B6C9CFB84} = {A651760D-445C-4AB2-80D8-3084D5BD15E3}
		{5F9F33BB-BF05-4570-BF7B-770ED8C307D1} = {BE23CA87-6894-4A48-A245-4C0B6C9CFB84}
		{A2FB3E73-1C25-46FB-B3B8-EEC2131DBA73} = {A651760D-445C-4AB2-80D8-3084D5BD15E3}
		{5B14A93B-2A45-4044-ABF8-DA330E782791} = {A2FB3E73-1C25-46FB-B3B8-EEC2131DBA73}
		{90A8538B-3938-4A2B-B63F-6FFB50BE7570} = {A651760D-445C-4AB2-80D8-3084D5BD15E3}
		{35B3057D-3DD5-40DE-B93A-D6B76AEB7F75} = {A651760D-445C-4AB2-80D8-3084D5BD15E3}
		{8FF273ED-B670-4350-A885-C61317036D7E} = {35B3057D-3DD5-40DE-B93A-D6B76AEB7F75}
		{982FBA1C-F57D-4825-8E5A-C4946E07CD12} = {A651760D-445C-4AB2-80D8-3084D5BD15E3}
		{94ED8D4B-8899-406E-AED1-89130CA60434} = {982FBA1C-F57D-4825-8E5A-C4946E07CD12}
		{C33501F7-DDE8-4C93-A32E-509C629DCAAD} = {A651760D-445C-4AB2-80D8-3084D5BD15E3}
		{A65DA4E8-394F-44A2-87FB-12407ABAAF33} = {C33501F7-DDE8-4C93-A32E-509C629DCAAD}
		{CA696AE8-54F2-4470-91F8-424DE5CE8903} = {A651760D-445C-4AB2-80D8-3084D5BD15E3}
		{9B84FCCC-9F6B-414E-BD07-4AE3B4AB0CD0} = {CA696AE8-54F2-4470-91F8-424DE5CE8903}
		{E8760454-7F06-4BE2-AF03-5CDBE590B679} = {A651760D-445C-4AB2-80D8-3084D5BD15E3}
		{9AD6874E-AEA7-4DB1-ABC3-CAF131C44E87} = {E8760454-7F06-4BE2-AF03-5CDBE590B679}
		{090B458D-47CF-4417-8C8A-1DF74BB31AFD} = {A651760D-445C-4AB2-80D8-3084D5BD15E3}
		{D0FC464E-3A0F-4FD8-AE79-73AE389DACD5} = {090B458D-47CF-4417-8C8A-1DF74BB31AFD}
		{2B2DD7BB-42BC-4D54-A096-08C4AA90F9F1} = {A651760D-445C-4AB2-80D8-3084D5BD15E3}
		{466973FE-CADA-4A12-A886-FB76D3EB4635} = {2B2DD7BB-42BC-4D54-A096-08C4AA90F9F1}
		{2960C3C5-2E1B-475D-8A04-3D795BEE97DD} = {A651760D-445C-4AB2-80D8-3084D5BD15E3}
		{C804C936-31E6-4AD2-8888-D08EB4D6D169} = {2960C3C5-2E1B-475D-8A04-3D795BEE97DD}
		{298E8531-827A-473C-8F11-B4FEC82DE9D5} = {30B7A890-B7EB-491A-B7A7-22D2CEBAC91E}
		{30B7A890-B7EB-491A-B7A7-22D2CEBAC91E} = {A651760D-445C-4AB2-80D8-3084D5BD15E3}
		{CB988AC0-DD29-4ECE-BB92-13E2AC2AAFC4} = {2F509C1E-5259-49DD-8CAD-82BE641AF86F}
		{2F509C1E-5259-49DD-8CAD-82BE641AF86F} = {A651760D-445C-4AB2-80D8-3084D5BD15E3}
		{980699FF-C475-4DAD-8E54-48962B5FA26B} = {90A8538B-3938-4A2B-B63F-6FFB50BE7570}
		{63FC4728-1B7F-4B77-80F3-2701722763B6} = {01D61791-87A2-48C5-A222-A91EE8AF2A6D}
		{330AA49E-6C8E-425B-9878-DE0C846B643F} = {63FC4728-1B7F-4B77-80F3-2701722763B6}
		{73FEF71D-1E40-4D01-93D4-759E5F16D5D2} = {01D61791-87A2-48C5-A222-A91EE8AF2A6D}
		{F268E7CB-15F0-46CD-AE37-08E8F487F85E} = {73FEF71D-1E40-4D01-93D4-759E5F16D5D2}
		{A95B3EA4-C7AB-4008-8457-9E5ED86709AA} = {01D61791-87A2-48C5-A222-A91EE8AF2A6D}
		{DABC0239-B02D-43BE-8DBD-45535A17005E} = {A95B3EA4-C7AB-4008-8457-9E5ED86709AA}
		{B7749DDF-F452-499A-932E-9B8C60ADC21C} = {01D61791-87A2-48C5-A222-A91EE8AF2A6D}
		{D2D23DFE-689F-4A8A-BA53-3A68759E0CB0} = {B7749DDF-F452-499A-932E-9B8C60ADC21C}
		{EF6C4C7C-4260-421A-8156-36CBB22FBB83} = {01D61791-87A2-48C5-A222-A91EE8AF2A6D}
		{BE25113C-4165-475C-8904-DAFD97FDF53B} = {EF6C4C7C-4260-421A-8156-36CBB22FBB83}
		{C2B7EB2B-0A00-4AD3-8237-A69D3328CEEB} = {01D61791-87A2-48C5-A222-A91EE8AF2A6D}
		{2090E114-7EF3-4F0A-A619-C1616422AEFF} = {C2B7EB2B-0A00-4AD3-8237-A69D3328CEEB}
	EndGlobalSection
EndGlobal
